// !$*UTF8*$!
{
	archiveVersion = 1;
	classes = {
	};
	objectVersion = 46;
	objects = {

/* Begin PBXBuildFile section */
		18E4773B98BD650B699B576B /* Pods_MiniProjectWebServer.framework in Frameworks */ = {isa = PBXBuildFile; fileRef = D0F354E4F3280BB44B590F44 /* Pods_MiniProjectWebServer.framework */; };
		713933481E00FDD4003A9CC1 /* DetailArticleViewController.swift in Sources */ = {isa = PBXBuildFile; fileRef = 713933471E00FDD4003A9CC1 /* DetailArticleViewController.swift */; };
		7141D9681DFCF41200817273 /* LaunchScreen.storyboard in Resources */ = {isa = PBXBuildFile; fileRef = 7141D9641DFCF41200817273 /* LaunchScreen.storyboard */; };
		7141D9691DFCF41200817273 /* Main.storyboard in Resources */ = {isa = PBXBuildFile; fileRef = 7141D9651DFCF41200817273 /* Main.storyboard */; };
		7146F5701E023FC400B7D098 /* AddEditArticleViewController.swift in Sources */ = {isa = PBXBuildFile; fileRef = 7146F56F1E023FC400B7D098 /* AddEditArticleViewController.swift */; };
		7146F5721E0272A500B7D098 /* ArticleFormData.swift in Sources */ = {isa = PBXBuildFile; fileRef = 7146F5711E0272A500B7D098 /* ArticleFormData.swift */; };
		71477D9B1DFD78E10061F65C /* MultiUploadViewController.swift in Sources */ = {isa = PBXBuildFile; fileRef = 71477D9A1DFD78E10061F65C /* MultiUploadViewController.swift */; };
		71477D9D1DFD7A980061F65C /* MultiUpload.storyboard in Resources */ = {isa = PBXBuildFile; fileRef = 71477D9C1DFD7A980061F65C /* MultiUpload.storyboard */; };
		71477DA11DFD7C060061F65C /* CustomCellTableViewCell.swift in Sources */ = {isa = PBXBuildFile; fileRef = 71477DA01DFD7C060061F65C /* CustomCellTableViewCell.swift */; };
		71477DA31DFD7C120061F65C /* MultiUploadImageTableViewController.swift in Sources */ = {isa = PBXBuildFile; fileRef = 71477DA21DFD7C120061F65C /* MultiUploadImageTableViewController.swift */; };
		71477DA51DFD91980061F65C /* ArticleCRUDService.swift in Sources */ = {isa = PBXBuildFile; fileRef = 71477DA41DFD91980061F65C /* ArticleCRUDService.swift */; };
		71477DA71DFD93540061F65C /* ArticleManagementViewController.swift in Sources */ = {isa = PBXBuildFile; fileRef = 71477DA61DFD93540061F65C /* ArticleManagementViewController.swift */; };
		71477DA91DFD9CC90061F65C /* ArticleManagementTableViewController.swift in Sources */ = {isa = PBXBuildFile; fileRef = 71477DA81DFD9CC90061F65C /* ArticleManagementTableViewController.swift */; };
		7173A87D1DFCE7990015188B /* AppDelegate.swift in Sources */ = {isa = PBXBuildFile; fileRef = 7173A86C1DFCE7990015188B /* AppDelegate.swift */; };
		7173A87E1DFCE7990015188B /* PageController.swift in Sources */ = {isa = PBXBuildFile; fileRef = 7173A86F1DFCE7990015188B /* PageController.swift */; };
		7173A87F1DFCE7990015188B /* Assets.xcassets in Resources */ = {isa = PBXBuildFile; fileRef = 7173A8731DFCE7990015188B /* Assets.xcassets */; };
		7173A8801DFCE7990015188B /* Info.plist in Resources */ = {isa = PBXBuildFile; fileRef = 7173A8751DFCE7990015188B /* Info.plist */; };
		7173A8841DFCEAFE0015188B /* Constant.swift in Sources */ = {isa = PBXBuildFile; fileRef = 7173A8831DFCEAFE0015188B /* Constant.swift */; };
		71A790011DFDA7250089FD07 /* ArticleModel.swift in Sources */ = {isa = PBXBuildFile; fileRef = 71A790001DFDA7250089FD07 /* ArticleModel.swift */; };
		71D7FD2E1DFFCFBC00F0F4E3 /* ArticleManagementInterface.swift in Sources */ = {isa = PBXBuildFile; fileRef = 71D7FD2D1DFFCFBC00F0F4E3 /* ArticleManagementInterface.swift */; };
		71D7FD351DFFDA7100F0F4E3 /* ArticlePresenter.swift in Sources */ = {isa = PBXBuildFile; fileRef = 71D7FD341DFFDA7100F0F4E3 /* ArticlePresenter.swift */; };
		71D7FD371DFFDA8100F0F4E3 /* ArticlePresenterInterface.swift in Sources */ = {isa = PBXBuildFile; fileRef = 71D7FD361DFFDA8100F0F4E3 /* ArticlePresenterInterface.swift */; };
		71D7FD391DFFDCD800F0F4E3 /* ArticleCRUDServiceInterface.swift in Sources */ = {isa = PBXBuildFile; fileRef = 71D7FD381DFFDCD800F0F4E3 /* ArticleCRUDServiceInterface.swift */; };
		71D7FD3E1DFFEDA400F0F4E3 /* CustomCellArticle.swift in Sources */ = {isa = PBXBuildFile; fileRef = 71D7FD3D1DFFEDA400F0F4E3 /* CustomCellArticle.swift */; };
		71F718761E01BBB500047FB4 /* ArticleManipulateTableViewCell.swift in Sources */ = {isa = PBXBuildFile; fileRef = 71F718751E01BBB500047FB4 /* ArticleManipulateTableViewCell.swift */; };
/* End PBXBuildFile section */

/* Begin PBXFileReference section */
		556C4708D9949C553B967E45 /* Pods-MiniProjectWebServer.debug.xcconfig */ = {isa = PBXFileReference; includeInIndex = 1; lastKnownFileType = text.xcconfig; name = "Pods-MiniProjectWebServer.debug.xcconfig"; path = "Pods/Target Support Files/Pods-MiniProjectWebServer/Pods-MiniProjectWebServer.debug.xcconfig"; sourceTree = "<group>"; };
		711CD2A41DFB12B000EF7FAE /* MiniProjectWebServer.app */ = {isa = PBXFileReference; explicitFileType = wrapper.application; includeInIndex = 0; path = MiniProjectWebServer.app; sourceTree = BUILT_PRODUCTS_DIR; };
		713933471E00FDD4003A9CC1 /* DetailArticleViewController.swift */ = {isa = PBXFileReference; fileEncoding = 4; lastKnownFileType = sourcecode.swift; path = DetailArticleViewController.swift; sourceTree = "<group>"; };
		7141D9641DFCF41200817273 /* LaunchScreen.storyboard */ = {isa = PBXFileReference; fileEncoding = 4; lastKnownFileType = file.storyboard; path = LaunchScreen.storyboard; sourceTree = "<group>"; };
		7141D9651DFCF41200817273 /* Main.storyboard */ = {isa = PBXFileReference; fileEncoding = 4; lastKnownFileType = file.storyboard; path = Main.storyboard; sourceTree = "<group>"; };
		7146F56F1E023FC400B7D098 /* AddEditArticleViewController.swift */ = {isa = PBXFileReference; fileEncoding = 4; lastKnownFileType = sourcecode.swift; path = AddEditArticleViewController.swift; sourceTree = "<group>"; };
		7146F5711E0272A500B7D098 /* ArticleFormData.swift */ = {isa = PBXFileReference; fileEncoding = 4; lastKnownFileType = sourcecode.swift; path = ArticleFormData.swift; sourceTree = "<group>"; };
		71477D9A1DFD78E10061F65C /* MultiUploadViewController.swift */ = {isa = PBXFileReference; fileEncoding = 4; lastKnownFileType = sourcecode.swift; path = MultiUploadViewController.swift; sourceTree = "<group>"; };
		71477D9C1DFD7A980061F65C /* MultiUpload.storyboard */ = {isa = PBXFileReference; fileEncoding = 4; lastKnownFileType = file.storyboard; path = MultiUpload.storyboard; sourceTree = "<group>"; };
		71477DA01DFD7C060061F65C /* CustomCellTableViewCell.swift */ = {isa = PBXFileReference; fileEncoding = 4; lastKnownFileType = sourcecode.swift; name = CustomCellTableViewCell.swift; path = ../CustomCellTableViewCell.swift; sourceTree = "<group>"; };
		71477DA21DFD7C120061F65C /* MultiUploadImageTableViewController.swift */ = {isa = PBXFileReference; fileEncoding = 4; lastKnownFileType = sourcecode.swift; path = MultiUploadImageTableViewController.swift; sourceTree = "<group>"; };
		71477DA41DFD91980061F65C /* ArticleCRUDService.swift */ = {isa = PBXFileReference; fileEncoding = 4; lastKnownFileType = sourcecode.swift; path = ArticleCRUDService.swift; sourceTree = "<group>"; };
		71477DA61DFD93540061F65C /* ArticleManagementViewController.swift */ = {isa = PBXFileReference; fileEncoding = 4; lastKnownFileType = sourcecode.swift; path = ArticleManagementViewController.swift; sourceTree = "<group>"; };
		71477DA81DFD9CC90061F65C /* ArticleManagementTableViewController.swift */ = {isa = PBXFileReference; fileEncoding = 4; lastKnownFileType = sourcecode.swift; path = ArticleManagementTableViewController.swift; sourceTree = "<group>"; };
		7173A86C1DFCE7990015188B /* AppDelegate.swift */ = {isa = PBXFileReference; fileEncoding = 4; lastKnownFileType = sourcecode.swift; path = AppDelegate.swift; sourceTree = "<group>"; };
		7173A86F1DFCE7990015188B /* PageController.swift */ = {isa = PBXFileReference; fileEncoding = 4; lastKnownFileType = sourcecode.swift; path = PageController.swift; sourceTree = "<group>"; };
		7173A8731DFCE7990015188B /* Assets.xcassets */ = {isa = PBXFileReference; lastKnownFileType = folder.assetcatalog; path = Assets.xcassets; sourceTree = "<group>"; };
		7173A8751DFCE7990015188B /* Info.plist */ = {isa = PBXFileReference; fileEncoding = 4; lastKnownFileType = text.plist.xml; path = Info.plist; sourceTree = "<group>"; };
		7173A8831DFCEAFE0015188B /* Constant.swift */ = {isa = PBXFileReference; fileEncoding = 4; lastKnownFileType = sourcecode.swift; path = Constant.swift; sourceTree = "<group>"; };
		71A790001DFDA7250089FD07 /* ArticleModel.swift */ = {isa = PBXFileReference; fileEncoding = 4; lastKnownFileType = sourcecode.swift; path = ArticleModel.swift; sourceTree = "<group>"; };
		71D7FD2D1DFFCFBC00F0F4E3 /* ArticleManagementInterface.swift */ = {isa = PBXFileReference; fileEncoding = 4; lastKnownFileType = sourcecode.swift; path = ArticleManagementInterface.swift; sourceTree = "<group>"; };
		71D7FD341DFFDA7100F0F4E3 /* ArticlePresenter.swift */ = {isa = PBXFileReference; fileEncoding = 4; lastKnownFileType = sourcecode.swift; path = ArticlePresenter.swift; sourceTree = "<group>"; };
		71D7FD361DFFDA8100F0F4E3 /* ArticlePresenterInterface.swift */ = {isa = PBXFileReference; fileEncoding = 4; lastKnownFileType = sourcecode.swift; path = ArticlePresenterInterface.swift; sourceTree = "<group>"; };
		71D7FD381DFFDCD800F0F4E3 /* ArticleCRUDServiceInterface.swift */ = {isa = PBXFileReference; fileEncoding = 4; lastKnownFileType = sourcecode.swift; path = ArticleCRUDServiceInterface.swift; sourceTree = "<group>"; };
		71D7FD3D1DFFEDA400F0F4E3 /* CustomCellArticle.swift */ = {isa = PBXFileReference; fileEncoding = 4; lastKnownFileType = sourcecode.swift; path = CustomCellArticle.swift; sourceTree = "<group>"; };
		71F718751E01BBB500047FB4 /* ArticleManipulateTableViewCell.swift */ = {isa = PBXFileReference; fileEncoding = 4; lastKnownFileType = sourcecode.swift; path = ArticleManipulateTableViewCell.swift; sourceTree = "<group>"; };
		89259CF7FE5EF1E59791D3F7 /* Pods-MiniProjectWebServer.release.xcconfig */ = {isa = PBXFileReference; includeInIndex = 1; lastKnownFileType = text.xcconfig; name = "Pods-MiniProjectWebServer.release.xcconfig"; path = "Pods/Target Support Files/Pods-MiniProjectWebServer/Pods-MiniProjectWebServer.release.xcconfig"; sourceTree = "<group>"; };
		D0F354E4F3280BB44B590F44 /* Pods_MiniProjectWebServer.framework */ = {isa = PBXFileReference; explicitFileType = wrapper.framework; includeInIndex = 0; path = Pods_MiniProjectWebServer.framework; sourceTree = BUILT_PRODUCTS_DIR; };
/* End PBXFileReference section */

/* Begin PBXFrameworksBuildPhase section */
		711CD2A11DFB12B000EF7FAE /* Frameworks */ = {
			isa = PBXFrameworksBuildPhase;
			buildActionMask = 2147483647;
			files = (
				18E4773B98BD650B699B576B /* Pods_MiniProjectWebServer.framework in Frameworks */,
			);
			runOnlyForDeploymentPostprocessing = 0;
		};
/* End PBXFrameworksBuildPhase section */

/* Begin PBXGroup section */
		1665604394A0C666F4AFB7E7 /* Frameworks */ = {
			isa = PBXGroup;
			children = (
				D0F354E4F3280BB44B590F44 /* Pods_MiniProjectWebServer.framework */,
			);
			name = Frameworks;
			sourceTree = "<group>";
		};
		69E83CD3152F58ABD9F6B213 /* Pods */ = {
			isa = PBXGroup;
			children = (
				556C4708D9949C553B967E45 /* Pods-MiniProjectWebServer.debug.xcconfig */,
				89259CF7FE5EF1E59791D3F7 /* Pods-MiniProjectWebServer.release.xcconfig */,
			);
			name = Pods;
			sourceTree = "<group>";
		};
		711CD29B1DFB12B000EF7FAE = {
			isa = PBXGroup;
			children = (
				711CD2A61DFB12B000EF7FAE /* MiniProjectWebServer */,
				711CD2A51DFB12B000EF7FAE /* Products */,
				69E83CD3152F58ABD9F6B213 /* Pods */,
				1665604394A0C666F4AFB7E7 /* Frameworks */,
			);
			sourceTree = "<group>";
		};
		711CD2A51DFB12B000EF7FAE /* Products */ = {
			isa = PBXGroup;
			children = (
				711CD2A41DFB12B000EF7FAE /* MiniProjectWebServer.app */,
			);
			name = Products;
			sourceTree = "<group>";
		};
		711CD2A61DFB12B000EF7FAE /* MiniProjectWebServer */ = {
			isa = PBXGroup;
			children = (
				7173A86B1DFCE7990015188B /* Application */,
				7173A86D1DFCE7990015188B /* Controller */,
				7173A8701DFCE7990015188B /* Model */,
				7173A8711DFCE7990015188B /* Resources */,
				7173A8761DFCE7990015188B /* Services */,
				71D7FD331DFFDA3500F0F4E3 /* Presenter */,
				7173A8771DFCE7990015188B /* Utilities */,
				7173A8781DFCE7990015188B /* View */,
			);
			path = MiniProjectWebServer;
			sourceTree = "<group>";
		};
		7141D9631DFCF41200817273 /* Article Management */ = {
			isa = PBXGroup;
			children = (
				7141D9641DFCF41200817273 /* LaunchScreen.storyboard */,
				7141D9651DFCF41200817273 /* Main.storyboard */,
			);
			path = "Article Management";
			sourceTree = "<group>";
		};
		7141D9661DFCF41200817273 /* Multiple Upload */ = {
			isa = PBXGroup;
			children = (
				71477D9C1DFD7A980061F65C /* MultiUpload.storyboard */,
			);
			path = "Multiple Upload";
			sourceTree = "<group>";
		};
		7141D96B1DFCF4AB00817273 /* Article Management Controller */ = {
			isa = PBXGroup;
			children = (
				71477DA61DFD93540061F65C /* ArticleManagementViewController.swift */,
				71477DA81DFD9CC90061F65C /* ArticleManagementTableViewController.swift */,
				71D7FD2D1DFFCFBC00F0F4E3 /* ArticleManagementInterface.swift */,
				713933471E00FDD4003A9CC1 /* DetailArticleViewController.swift */,
				7146F56F1E023FC400B7D098 /* AddEditArticleViewController.swift */,
			);
			path = "Article Management Controller";
			sourceTree = "<group>";
		};
		7141D96C1DFCF4AB00817273 /* Multi Upload Controller */ = {
			isa = PBXGroup;
			children = (
				71477DA21DFD7C120061F65C /* MultiUploadImageTableViewController.swift */,
			);
			path = "Multi Upload Controller";
			sourceTree = "<group>";
		};
		7173A86B1DFCE7990015188B /* Application */ = {
			isa = PBXGroup;
			children = (
				7173A86C1DFCE7990015188B /* AppDelegate.swift */,
			);
			path = Application;
			sourceTree = "<group>";
		};
		7173A86D1DFCE7990015188B /* Controller */ = {
			isa = PBXGroup;
			children = (
				7141D96B1DFCF4AB00817273 /* Article Management Controller */,
				7141D96C1DFCF4AB00817273 /* Multi Upload Controller */,
				7173A86E1DFCE7990015188B /* WelcomeController */,
			);
			path = Controller;
			sourceTree = "<group>";
		};
		7173A86E1DFCE7990015188B /* WelcomeController */ = {
			isa = PBXGroup;
			children = (
				7173A86F1DFCE7990015188B /* PageController.swift */,
				71477D9A1DFD78E10061F65C /* MultiUploadViewController.swift */,
			);
			path = WelcomeController;
			sourceTree = "<group>";
		};
		7173A8701DFCE7990015188B /* Model */ = {
			isa = PBXGroup;
			children = (
				71A790001DFDA7250089FD07 /* ArticleModel.swift */,
				7146F5711E0272A500B7D098 /* ArticleFormData.swift */,
			);
			path = Model;
			sourceTree = "<group>";
		};
		7173A8711DFCE7990015188B /* Resources */ = {
			isa = PBXGroup;
			children = (
				7173A8721DFCE7990015188B /* Images */,
				7173A8741DFCE7990015188B /* Supporting Files */,
			);
			path = Resources;
			sourceTree = "<group>";
		};
		7173A8721DFCE7990015188B /* Images */ = {
			isa = PBXGroup;
			children = (
				7173A8731DFCE7990015188B /* Assets.xcassets */,
			);
			path = Images;
			sourceTree = "<group>";
		};
		7173A8741DFCE7990015188B /* Supporting Files */ = {
			isa = PBXGroup;
			children = (
				7173A8751DFCE7990015188B /* Info.plist */,
			);
			path = "Supporting Files";
			sourceTree = "<group>";
		};
		7173A8761DFCE7990015188B /* Services */ = {
			isa = PBXGroup;
			children = (
				71477DA41DFD91980061F65C /* ArticleCRUDService.swift */,
				71D7FD381DFFDCD800F0F4E3 /* ArticleCRUDServiceInterface.swift */,
			);
			path = Services;
			sourceTree = "<group>";
		};
		7173A8771DFCE7990015188B /* Utilities */ = {
			isa = PBXGroup;
			children = (
				7173A8831DFCEAFE0015188B /* Constant.swift */,
			);
			path = Utilities;
			sourceTree = "<group>";
		};
		7173A8781DFCE7990015188B /* View */ = {
			isa = PBXGroup;
			children = (
				7173A8791DFCE7990015188B /* Custom Cells */,
				7173A87A1DFCE7990015188B /* Storyboard */,
			);
			path = View;
			sourceTree = "<group>";
		};
		7173A8791DFCE7990015188B /* Custom Cells */ = {
			isa = PBXGroup;
			children = (
				71D7FD3C1DFFED8C00F0F4E3 /* Custom Cell Article */,
				71D7FD3B1DFFED8500F0F4E3 /* Custom Cell Multi Upload */,
			);
			path = "Custom Cells";
			sourceTree = "<group>";
		};
		7173A87A1DFCE7990015188B /* Storyboard */ = {
			isa = PBXGroup;
			children = (
				7141D9631DFCF41200817273 /* Article Management */,
				7141D9661DFCF41200817273 /* Multiple Upload */,
			);
			path = Storyboard;
			sourceTree = "<group>";
		};
		71D7FD331DFFDA3500F0F4E3 /* Presenter */ = {
			isa = PBXGroup;
			children = (
				71D7FD341DFFDA7100F0F4E3 /* ArticlePresenter.swift */,
				71D7FD361DFFDA8100F0F4E3 /* ArticlePresenterInterface.swift */,
			);
			path = Presenter;
			sourceTree = "<group>";
		};
		71D7FD3B1DFFED8500F0F4E3 /* Custom Cell Multi Upload */ = {
			isa = PBXGroup;
			children = (
				71477DA01DFD7C060061F65C /* CustomCellTableViewCell.swift */,
			);
			path = "Custom Cell Multi Upload";
			sourceTree = "<group>";
		};
		71D7FD3C1DFFED8C00F0F4E3 /* Custom Cell Article */ = {
			isa = PBXGroup;
			children = (
				71D7FD3D1DFFEDA400F0F4E3 /* CustomCellArticle.swift */,
				71F718751E01BBB500047FB4 /* ArticleManipulateTableViewCell.swift */,
			);
			path = "Custom Cell Article";
			sourceTree = "<group>";
		};
/* End PBXGroup section */

/* Begin PBXNativeTarget section */
		711CD2A31DFB12B000EF7FAE /* MiniProjectWebServer */ = {
			isa = PBXNativeTarget;
			buildConfigurationList = 711CD2B61DFB12B000EF7FAE /* Build configuration list for PBXNativeTarget "MiniProjectWebServer" */;
			buildPhases = (
				61DA5ED688FFB44F7A2B99F5 /* [CP] Check Pods Manifest.lock */,
				711CD2A01DFB12B000EF7FAE /* Sources */,
				711CD2A11DFB12B000EF7FAE /* Frameworks */,
				711CD2A21DFB12B000EF7FAE /* Resources */,
				C29965958D2E4DBEC14C2ED8 /* [CP] Embed Pods Frameworks */,
				9CFAE671A19D774F8583D662 /* [CP] Copy Pods Resources */,
			);
			buildRules = (
			);
			dependencies = (
			);
			name = MiniProjectWebServer;
			productName = MiniProjectWebServer;
			productReference = 711CD2A41DFB12B000EF7FAE /* MiniProjectWebServer.app */;
			productType = "com.apple.product-type.application";
		};
/* End PBXNativeTarget section */

/* Begin PBXProject section */
		711CD29C1DFB12B000EF7FAE /* Project object */ = {
			isa = PBXProject;
			attributes = {
				LastSwiftUpdateCheck = 0810;
				LastUpgradeCheck = 0810;
				ORGANIZATIONNAME = seyha;
				TargetAttributes = {
					711CD2A31DFB12B000EF7FAE = {
						CreatedOnToolsVersion = 8.1;
						ProvisioningStyle = Automatic;
					};
				};
			};
			buildConfigurationList = 711CD29F1DFB12B000EF7FAE /* Build configuration list for PBXProject "MiniProjectWebServer" */;
			compatibilityVersion = "Xcode 3.2";
			developmentRegion = English;
			hasScannedForEncodings = 0;
			knownRegions = (
				en,
				Base,
			);
			mainGroup = 711CD29B1DFB12B000EF7FAE;
			productRefGroup = 711CD2A51DFB12B000EF7FAE /* Products */;
			projectDirPath = "";
			projectRoot = "";
			targets = (
				711CD2A31DFB12B000EF7FAE /* MiniProjectWebServer */,
			);
		};
/* End PBXProject section */

/* Begin PBXResourcesBuildPhase section */
		711CD2A21DFB12B000EF7FAE /* Resources */ = {
			isa = PBXResourcesBuildPhase;
			buildActionMask = 2147483647;
			files = (
				7141D9681DFCF41200817273 /* LaunchScreen.storyboard in Resources */,
				7173A8801DFCE7990015188B /* Info.plist in Resources */,
				71477D9D1DFD7A980061F65C /* MultiUpload.storyboard in Resources */,
				7173A87F1DFCE7990015188B /* Assets.xcassets in Resources */,
				7141D9691DFCF41200817273 /* Main.storyboard in Resources */,
			);
			runOnlyForDeploymentPostprocessing = 0;
		};
/* End PBXResourcesBuildPhase section */

/* Begin PBXShellScriptBuildPhase section */
		61DA5ED688FFB44F7A2B99F5 /* [CP] Check Pods Manifest.lock */ = {
			isa = PBXShellScriptBuildPhase;
			buildActionMask = 2147483647;
			files = (
			);
			inputPaths = (
			);
			name = "[CP] Check Pods Manifest.lock";
			outputPaths = (
			);
			runOnlyForDeploymentPostprocessing = 0;
			shellPath = /bin/sh;
			shellScript = "diff \"${PODS_ROOT}/../Podfile.lock\" \"${PODS_ROOT}/Manifest.lock\" > /dev/null\nif [ $? != 0 ] ; then\n    # print error to STDERR\n    echo \"error: The sandbox is not in sync with the Podfile.lock. Run 'pod install' or update your CocoaPods installation.\" >&2\n    exit 1\nfi\n";
			showEnvVarsInLog = 0;
		};
		9CFAE671A19D774F8583D662 /* [CP] Copy Pods Resources */ = {
			isa = PBXShellScriptBuildPhase;
			buildActionMask = 2147483647;
			files = (
			);
			inputPaths = (
			);
			name = "[CP] Copy Pods Resources";
			outputPaths = (
			);
			runOnlyForDeploymentPostprocessing = 0;
			shellPath = /bin/sh;
			shellScript = "\"${SRCROOT}/Pods/Target Support Files/Pods-MiniProjectWebServer/Pods-MiniProjectWebServer-resources.sh\"\n";
			showEnvVarsInLog = 0;
		};
		C29965958D2E4DBEC14C2ED8 /* [CP] Embed Pods Frameworks */ = {
			isa = PBXShellScriptBuildPhase;
			buildActionMask = 2147483647;
			files = (
			);
			inputPaths = (
			);
			name = "[CP] Embed Pods Frameworks";
			outputPaths = (
			);
			runOnlyForDeploymentPostprocessing = 0;
			shellPath = /bin/sh;
			shellScript = "\"${SRCROOT}/Pods/Target Support Files/Pods-MiniProjectWebServer/Pods-MiniProjectWebServer-frameworks.sh\"\n";
			showEnvVarsInLog = 0;
		};
/* End PBXShellScriptBuildPhase section */

/* Begin PBXSourcesBuildPhase section */
		711CD2A01DFB12B000EF7FAE /* Sources */ = {
			isa = PBXSourcesBuildPhase;
			buildActionMask = 2147483647;
			files = (
				71F718761E01BBB500047FB4 /* ArticleManipulateTableViewCell.swift in Sources */,
				71477DA71DFD93540061F65C /* ArticleManagementViewController.swift in Sources */,
				7146F5721E0272A500B7D098 /* ArticleFormData.swift in Sources */,
				7173A87E1DFCE7990015188B /* PageController.swift in Sources */,
				71477D9B1DFD78E10061F65C /* MultiUploadViewController.swift in Sources */,
				71D7FD371DFFDA8100F0F4E3 /* ArticlePresenterInterface.swift in Sources */,
				71477DA31DFD7C120061F65C /* MultiUploadImageTableViewController.swift in Sources */,
				7173A87D1DFCE7990015188B /* AppDelegate.swift in Sources */,
				713933481E00FDD4003A9CC1 /* DetailArticleViewController.swift in Sources */,
				71477DA51DFD91980061F65C /* ArticleCRUDService.swift in Sources */,
				71A790011DFDA7250089FD07 /* ArticleModel.swift in Sources */,
				71477DA11DFD7C060061F65C /* CustomCellTableViewCell.swift in Sources */,
				71477DA91DFD9CC90061F65C /* ArticleManagementTableViewController.swift in Sources */,
				71D7FD351DFFDA7100F0F4E3 /* ArticlePresenter.swift in Sources */,
				7146F5701E023FC400B7D098 /* AddEditArticleViewController.swift in Sources */,
				71D7FD2E1DFFCFBC00F0F4E3 /* ArticleManagementInterface.swift in Sources */,
				71D7FD3E1DFFEDA400F0F4E3 /* CustomCellArticle.swift in Sources */,
				71D7FD391DFFDCD800F0F4E3 /* ArticleCRUDServiceInterface.swift in Sources */,
				7173A8841DFCEAFE0015188B /* Constant.swift in Sources */,
			);
			runOnlyForDeploymentPostprocessing = 0;
		};
/* End PBXSourcesBuildPhase section */

/* Begin XCBuildConfiguration section */
		711CD2B41DFB12B000EF7FAE /* Debug */ = {
			isa = XCBuildConfiguration;
			buildSettings = {
				ALWAYS_SEARCH_USER_PATHS = NO;
				CLANG_ANALYZER_NONNULL = YES;
				CLANG_CXX_LANGUAGE_STANDARD = "gnu++0x";
				CLANG_CXX_LIBRARY = "libc++";
				CLANG_ENABLE_MODULES = YES;
				CLANG_ENABLE_OBJC_ARC = YES;
				CLANG_WARN_BOOL_CONVERSION = YES;
				CLANG_WARN_CONSTANT_CONVERSION = YES;
				CLANG_WARN_DIRECT_OBJC_ISA_USAGE = YES_ERROR;
				CLANG_WARN_DOCUMENTATION_COMMENTS = YES;
				CLANG_WARN_EMPTY_BODY = YES;
				CLANG_WARN_ENUM_CONVERSION = YES;
				CLANG_WARN_INFINITE_RECURSION = YES;
				CLANG_WARN_INT_CONVERSION = YES;
				CLANG_WARN_OBJC_ROOT_CLASS = YES_ERROR;
				CLANG_WARN_SUSPICIOUS_MOVES = YES;
				CLANG_WARN_UNREACHABLE_CODE = YES;
				CLANG_WARN__DUPLICATE_METHOD_MATCH = YES;
				"CODE_SIGN_IDENTITY[sdk=iphoneos*]" = "iPhone Developer";
				COPY_PHASE_STRIP = NO;
				DEBUG_INFORMATION_FORMAT = dwarf;
				ENABLE_STRICT_OBJC_MSGSEND = YES;
				ENABLE_TESTABILITY = YES;
				GCC_C_LANGUAGE_STANDARD = gnu99;
				GCC_DYNAMIC_NO_PIC = NO;
				GCC_NO_COMMON_BLOCKS = YES;
				GCC_OPTIMIZATION_LEVEL = 0;
				GCC_PREPROCESSOR_DEFINITIONS = (
					"DEBUG=1",
					"$(inherited)",
				);
				GCC_WARN_64_TO_32_BIT_CONVERSION = YES;
				GCC_WARN_ABOUT_RETURN_TYPE = YES_ERROR;
				GCC_WARN_UNDECLARED_SELECTOR = YES;
				GCC_WARN_UNINITIALIZED_AUTOS = YES_AGGRESSIVE;
				GCC_WARN_UNUSED_FUNCTION = YES;
				GCC_WARN_UNUSED_VARIABLE = YES;
				IPHONEOS_DEPLOYMENT_TARGET = 10.1;
				MTL_ENABLE_DEBUG_INFO = YES;
				ONLY_ACTIVE_ARCH = YES;
				SDKROOT = iphoneos;
				SWIFT_ACTIVE_COMPILATION_CONDITIONS = DEBUG;
				SWIFT_OPTIMIZATION_LEVEL = "-Onone";
				TARGETED_DEVICE_FAMILY = "1,2";
			};
			name = Debug;
		};
		711CD2B51DFB12B000EF7FAE /* Release */ = {
			isa = XCBuildConfiguration;
			buildSettings = {
				ALWAYS_SEARCH_USER_PATHS = NO;
				CLANG_ANALYZER_NONNULL = YES;
				CLANG_CXX_LANGUAGE_STANDARD = "gnu++0x";
				CLANG_CXX_LIBRARY = "libc++";
				CLANG_ENABLE_MODULES = YES;
				CLANG_ENABLE_OBJC_ARC = YES;
				CLANG_WARN_BOOL_CONVERSION = YES;
				CLANG_WARN_CONSTANT_CONVERSION = YES;
				CLANG_WARN_DIRECT_OBJC_ISA_USAGE = YES_ERROR;
				CLANG_WARN_DOCUMENTATION_COMMENTS = YES;
				CLANG_WARN_EMPTY_BODY = YES;
				CLANG_WARN_ENUM_CONVERSION = YES;
				CLANG_WARN_INFINITE_RECURSION = YES;
				CLANG_WARN_INT_CONVERSION = YES;
				CLANG_WARN_OBJC_ROOT_CLASS = YES_ERROR;
				CLANG_WARN_SUSPICIOUS_MOVES = YES;
				CLANG_WARN_UNREACHABLE_CODE = YES;
				CLANG_WARN__DUPLICATE_METHOD_MATCH = YES;
				"CODE_SIGN_IDENTITY[sdk=iphoneos*]" = "iPhone Developer";
				COPY_PHASE_STRIP = NO;
				DEBUG_INFORMATION_FORMAT = "dwarf-with-dsym";
				ENABLE_NS_ASSERTIONS = NO;
				ENABLE_STRICT_OBJC_MSGSEND = YES;
				GCC_C_LANGUAGE_STANDARD = gnu99;
				GCC_NO_COMMON_BLOCKS = YES;
				GCC_WARN_64_TO_32_BIT_CONVERSION = YES;
				GCC_WARN_ABOUT_RETURN_TYPE = YES_ERROR;
				GCC_WARN_UNDECLARED_SELECTOR = YES;
				GCC_WARN_UNINITIALIZED_AUTOS = YES_AGGRESSIVE;
				GCC_WARN_UNUSED_FUNCTION = YES;
				GCC_WARN_UNUSED_VARIABLE = YES;
				IPHONEOS_DEPLOYMENT_TARGET = 10.1;
				MTL_ENABLE_DEBUG_INFO = NO;
				SDKROOT = iphoneos;
				SWIFT_OPTIMIZATION_LEVEL = "-Owholemodule";
				TARGETED_DEVICE_FAMILY = "1,2";
				VALIDATE_PRODUCT = YES;
			};
			name = Release;
		};
		711CD2B71DFB12B000EF7FAE /* Debug */ = {
			isa = XCBuildConfiguration;
			baseConfigurationReference = 556C4708D9949C553B967E45 /* Pods-MiniProjectWebServer.debug.xcconfig */;
			buildSettings = {
				ASSETCATALOG_COMPILER_APPICON_NAME = AppIcon;
				INFOPLIST_FILE = "MiniProjectWebServer/Resources/Supporting Files/info.plist";
				LD_RUNPATH_SEARCH_PATHS = "$(inherited) @executable_path/Frameworks";
				PRODUCT_BUNDLE_IDENTIFIER = com.seyha.MiniProjectWebServer;
				PRODUCT_NAME = "$(TARGET_NAME)";
				SWIFT_VERSION = 3.0;
			};
			name = Debug;
		};
		711CD2B81DFB12B000EF7FAE /* Release */ = {
			isa = XCBuildConfiguration;
			baseConfigurationReference = 89259CF7FE5EF1E59791D3F7 /* Pods-MiniProjectWebServer.release.xcconfig */;
			buildSettings = {
				ASSETCATALOG_COMPILER_APPICON_NAME = AppIcon;
				INFOPLIST_FILE = "MiniProjectWebServer/Resources/Supporting Files/info.plist";
				LD_RUNPATH_SEARCH_PATHS = "$(inherited) @executable_path/Frameworks";
				PRODUCT_BUNDLE_IDENTIFIER = com.seyha.MiniProjectWebServer;
				PRODUCT_NAME = "$(TARGET_NAME)";
				SWIFT_VERSION = 3.0;
			};
			name = Release;
		};
/* End XCBuildConfiguration section */

/* Begin XCConfigurationList section */
		711CD29F1DFB12B000EF7FAE /* Build configuration list for PBXProject "MiniProjectWebServer" */ = {
			isa = XCConfigurationList;
			buildConfigurations = (
				711CD2B41DFB12B000EF7FAE /* Debug */,
				711CD2B51DFB12B000EF7FAE /* Release */,
			);
			defaultConfigurationIsVisible = 0;
			defaultConfigurationName = Release;
		};
		711CD2B61DFB12B000EF7FAE /* Build configuration list for PBXNativeTarget "MiniProjectWebServer" */ = {
			isa = XCConfigurationList;
			buildConfigurations = (
				711CD2B71DFB12B000EF7FAE /* Debug */,
				711CD2B81DFB12B000EF7FAE /* Release */,
			);
			defaultConfigurationIsVisible = 0;
			defaultConfigurationName = Release;
		};
/* End XCConfigurationList section */
	};
	rootObject = 711CD29C1DFB12B000EF7FAE /* Project object */;
}
